dependencies:
- name: prometheus
  repository: https://prometheus-community.github.io/helm-charts
  version: 25.11.0
- name: grafana
  repository: https://grafana.github.io/helm-charts
  version: 7.3.0
- name: loki-stack
  repository: https://grafana.github.io/helm-charts
  version: 2.10.2
digest: sha256:5a6411fe32fa3160ca3facad939d9c746e7542cf8916fc61bdb2659982048e21
generated: "2026-09-02T17:08:59.6197873+03:00"
